
Microsoft Visual Studio Solution File, Format Version 12.00
# Visual Studio 15
VisualStudioVersion = 15.0.28307.421
MinimumVisualStudioVersion = 10.0.40219.1
Project("{FAE04EC0-301F-11D3-BF4B-00C04F79EFBC}") = "LoginExample", "LoginExample\LoginExample.csproj", "{BA45B71B-767F-4E44-B89B-B0887B1F533B}"
	ProjectSection(ProjectDependencies) = postProject
		{7240D531-EA2B-4966-A5E6-EEAF142E3B2B} = {7240D531-EA2B-4966-A5E6-EEAF142E3B2B}
		{0AE22F58-C05A-4765-8205-F837F4E0142F} = {0AE22F58-C05A-4765-8205-F837F4E0142F}
		{F1F4327E-CA29-42B9-B327-33CA89A1FE09} = {F1F4327E-CA29-42B9-B327-33CA89A1FE09}
	EndProjectSection
EndProject
Project("{FAE04EC0-301F-11D3-BF4B-00C04F79EFBC}") = "BLL", "BLL\BLL.csproj", "{0AE22F58-C05A-4765-8205-F837F4E0142F}"
	ProjectSection(ProjectDependencies) = postProject
		{7240D531-EA2B-4966-A5E6-EEAF142E3B2B} = {7240D531-EA2B-4966-A5E6-EEAF142E3B2B}
		{F1F4327E-CA29-42B9-B327-33CA89A1FE09} = {F1F4327E-CA29-42B9-B327-33CA89A1FE09}
	EndProjectSection
EndProject
Project("{FAE04EC0-301F-11D3-BF4B-00C04F79EFBC}") = "DAL", "DAL\DAL.csproj", "{7240D531-EA2B-4966-A5E6-EEAF142E3B2B}"
	ProjectSection(ProjectDependencies) = postProject
		{F1F4327E-CA29-42B9-B327-33CA89A1FE09} = {F1F4327E-CA29-42B9-B327-33CA89A1FE09}
	EndProjectSection
EndProject
Project("{FAE04EC0-301F-11D3-BF4B-00C04F79EFBC}") = "Model", "Model\Model.csproj", "{F1F4327E-CA29-42B9-B327-33CA89A1FE09}"
EndProject
Global
	GlobalSection(SolutionConfigurationPlatforms) = preSolution
		Debug|Any CPU = Debug|Any CPU
		Release|Any CPU = Release|Any CPU
	EndGlobalSection
	GlobalSection(ProjectConfigurationPlatforms) = postSolution
		{BA45B71B-767F-4E44-B89B-B0887B1F533B}.Debug|Any CPU.ActiveCfg = Debug|Any CPU
		{BA45B71B-767F-4E44-B89B-B0887B1F533B}.Debug|Any CPU.Build.0 = Debug|Any CPU
		{BA45B71B-767F-4E44-B89B-B0887B1F533B}.Release|Any CPU.ActiveCfg = Release|Any CPU
		{BA45B71B-767F-4E44-B89B-B0887B1F533B}.Release|Any CPU.Build.0 = Release|Any CPU
		{0AE22F58-C05A-4765-8205-F837F4E0142F}.Debug|Any CPU.ActiveCfg = Debug|Any CPU
		{0AE22F58-C05A-4765-8205-F837F4E0142F}.Debug|Any CPU.Build.0 = Debug|Any CPU
		{0AE22F58-C05A-4765-8205-F837F4E0142F}.Release|Any CPU.ActiveCfg = Release|Any CPU
		{0AE22F58-C05A-4765-8205-F837F4E0142F}.Release|Any CPU.Build.0 = Release|Any CPU
		{7240D531-EA2B-4966-A5E6-EEAF142E3B2B}.Debug|Any CPU.ActiveCfg = Debug|Any CPU
		{7240D531-EA2B-4966-A5E6-EEAF142E3B2B}.Debug|Any CPU.Build.0 = Debug|Any CPU
		{7240D531-EA2B-4966-A5E6-EEAF142E3B2B}.Release|Any CPU.ActiveCfg = Release|Any CPU
		{7240D531-EA2B-4966-A5E6-EEAF142E3B2B}.Release|Any CPU.Build.0 = Release|Any CPU
		{F1F4327E-CA29-42B9-B327-33CA89A1FE09}.Debug|Any CPU.ActiveCfg = Debug|Any CPU
		{F1F4327E-CA29-42B9-B327-33CA89A1FE09}.Debug|Any CPU.Build.0 = Debug|Any CPU
		{F1F4327E-CA29-42B9-B327-33CA89A1FE09}.Release|Any CPU.ActiveCfg = Release|Any CPU
		{F1F4327E-CA29-42B9-B327-33CA89A1FE09}.Release|Any CPU.Build.0 = Release|Any CPU
	EndGlobalSection
	GlobalSection(SolutionProperties) = preSolution
		HideSolutionNode = FALSE
	EndGlobalSection
	GlobalSection(ExtensibilityGlobals) = postSolution
		SolutionGuid = {D346AB21-C591-45AD-8FE6-DE548725E238}
	EndGlobalSection
EndGlobal
