
Microsoft Visual Studio Solution File, Format Version 12.00
# Visual Studio Version 16
VisualStudioVersion = 16.0.28803.202
MinimumVisualStudioVersion = 10.0.40219.1
Project("{FAE04EC0-301F-11D3-BF4B-00C04F79EFBC}") = "CommandProgram", "CommandProgram\CommandProgram.csproj", "{F16A54CC-C4F5-404D-B13E-DCC39427C34C}"
EndProject
Global
	GlobalSection(SolutionConfigurationPlatforms) = preSolution
		Debug|Any CPU = Debug|Any CPU
		Release|Any CPU = Release|Any CPU
	EndGlobalSection
	GlobalSection(ProjectConfigurationPlatforms) = postSolution
		{F16A54CC-C4F5-404D-B13E-DCC39427C34C}.Debug|Any CPU.ActiveCfg = Debug|Any CPU
		{F16A54CC-C4F5-404D-B13E-DCC39427C34C}.Debug|Any CPU.Build.0 = Debug|Any CPU
		{F16A54CC-C4F5-404D-B13E-DCC39427C34C}.Release|Any CPU.ActiveCfg = Release|Any CPU
		{F16A54CC-C4F5-404D-B13E-DCC39427C34C}.Release|Any CPU.Build.0 = Release|Any CPU
	EndGlobalSection
	GlobalSection(SolutionProperties) = preSolution
		HideSolutionNode = FALSE
	EndGlobalSection
	GlobalSection(ExtensibilityGlobals) = postSolution
		SolutionGuid = {5215EABC-05EE-441B-9C91-56D16D632704}
	EndGlobalSection
EndGlobal
