
Microsoft Visual Studio Solution File, Format Version 12.00
# Visual Studio 15
VisualStudioVersion = 15.0.28307.438
MinimumVisualStudioVersion = 10.0.40219.1
Project("{FAE04EC0-301F-11D3-BF4B-00C04F79EFBC}") = "DataBinding", "DataBinding\DataBinding.csproj", "{0D4739AB-1381-4BDB-A7C4-A90C22E1A727}"
EndProject
Global
	GlobalSection(SolutionConfigurationPlatforms) = preSolution
		Debug|Any CPU = Debug|Any CPU
		Release|Any CPU = Release|Any CPU
	EndGlobalSection
	GlobalSection(ProjectConfigurationPlatforms) = postSolution
		{0D4739AB-1381-4BDB-A7C4-A90C22E1A727}.Debug|Any CPU.ActiveCfg = Debug|Any CPU
		{0D4739AB-1381-4BDB-A7C4-A90C22E1A727}.Debug|Any CPU.Build.0 = Debug|Any CPU
		{0D4739AB-1381-4BDB-A7C4-A90C22E1A727}.Release|Any CPU.ActiveCfg = Release|Any CPU
		{0D4739AB-1381-4BDB-A7C4-A90C22E1A727}.Release|Any CPU.Build.0 = Release|Any CPU
	EndGlobalSection
	GlobalSection(SolutionProperties) = preSolution
		HideSolutionNode = FALSE
	EndGlobalSection
	GlobalSection(ExtensibilityGlobals) = postSolution
		SolutionGuid = {FA9E07F2-A3FA-469A-A8C9-2828E0B3B4B1}
	EndGlobalSection
EndGlobal
