
Microsoft Visual Studio Solution File, Format Version 12.00
# Visual Studio 15
VisualStudioVersion = 15.0.28307.572
MinimumVisualStudioVersion = 10.0.40219.1
Project("{FAE04EC0-301F-11D3-BF4B-00C04F79EFBC}") = "TemplateProgram", "TemplateProgram\TemplateProgram.csproj", "{5D7666B4-CF0A-493C-A42B-33A73280FA89}"
EndProject
Global
	GlobalSection(SolutionConfigurationPlatforms) = preSolution
		Debug|Any CPU = Debug|Any CPU
		Release|Any CPU = Release|Any CPU
	EndGlobalSection
	GlobalSection(ProjectConfigurationPlatforms) = postSolution
		{5D7666B4-CF0A-493C-A42B-33A73280FA89}.Debug|Any CPU.ActiveCfg = Debug|Any CPU
		{5D7666B4-CF0A-493C-A42B-33A73280FA89}.Debug|Any CPU.Build.0 = Debug|Any CPU
		{5D7666B4-CF0A-493C-A42B-33A73280FA89}.Release|Any CPU.ActiveCfg = Release|Any CPU
		{5D7666B4-CF0A-493C-A42B-33A73280FA89}.Release|Any CPU.Build.0 = Release|Any CPU
	EndGlobalSection
	GlobalSection(SolutionProperties) = preSolution
		HideSolutionNode = FALSE
	EndGlobalSection
	GlobalSection(ExtensibilityGlobals) = postSolution
		SolutionGuid = {05FE9912-6E2F-442C-82AE-315F69F4FBEA}
	EndGlobalSection
EndGlobal
